
Microsoft Visual Studio Solution File, Format Version 12.00
# Visual Studio 15
VisualStudioVersion = 15.0.28307.1259
MinimumVisualStudioVersion = 10.0.40219.1
Project("{FAE04EC0-301F-11D3-BF4B-00C04F79EFBC}") = "ProvisioningBuildTools", "ProvisioningBuildTools\ProvisioningBuildTools.csproj", "{C62704EE-3010-44AA-8201-70A28889086D}"
EndProject
Project("{FAE04EC0-301F-11D3-BF4B-00C04F79EFBC}") = "CapsuleParser", "CapsuleParser\CapsuleParser\CapsuleParser.csproj", "{31447536-52B4-49A4-94DA-D46FEFCC57CA}"
EndProject
Project("{FAE04EC0-301F-11D3-BF4B-00C04F79EFBC}") = "ExternalProvisioningTester", "ExternalProvisioningTester\ExternalProvisioningTester.csproj", "{D89C5543-F54F-4A08-8909-153C32C4C326}"
EndProject
Global
	GlobalSection(SolutionConfigurationPlatforms) = preSolution
		Debug|Any CPU = Debug|Any CPU
		Debug|x86 = Debug|x86
		Release|Any CPU = Release|Any CPU
		Release|x86 = Release|x86
	EndGlobalSection
	GlobalSection(ProjectConfigurationPlatforms) = postSolution
		{C62704EE-3010-44AA-8201-70A28889086D}.Debug|Any CPU.ActiveCfg = Debug|Any CPU
		{C62704EE-3010-44AA-8201-70A28889086D}.Debug|Any CPU.Build.0 = Debug|Any CPU
		{C62704EE-3010-44AA-8201-70A28889086D}.Debug|x86.ActiveCfg = Debug|Any CPU
		{C62704EE-3010-44AA-8201-70A28889086D}.Debug|x86.Build.0 = Debug|Any CPU
		{C62704EE-3010-44AA-8201-70A28889086D}.Release|Any CPU.ActiveCfg = Release|Any CPU
		{C62704EE-3010-44AA-8201-70A28889086D}.Release|Any CPU.Build.0 = Release|Any CPU
		{C62704EE-3010-44AA-8201-70A28889086D}.Release|x86.ActiveCfg = Release|Any CPU
		{C62704EE-3010-44AA-8201-70A28889086D}.Release|x86.Build.0 = Release|Any CPU
		{31447536-52B4-49A4-94DA-D46FEFCC57CA}.Debug|Any CPU.ActiveCfg = Debug|Any CPU
		{31447536-52B4-49A4-94DA-D46FEFCC57CA}.Debug|Any CPU.Build.0 = Debug|Any CPU
		{31447536-52B4-49A4-94DA-D46FEFCC57CA}.Debug|x86.ActiveCfg = Debug|Any CPU
		{31447536-52B4-49A4-94DA-D46FEFCC57CA}.Debug|x86.Build.0 = Debug|Any CPU
		{31447536-52B4-49A4-94DA-D46FEFCC57CA}.Release|Any CPU.ActiveCfg = Release|Any CPU
		{31447536-52B4-49A4-94DA-D46FEFCC57CA}.Release|Any CPU.Build.0 = Release|Any CPU
		{31447536-52B4-49A4-94DA-D46FEFCC57CA}.Release|x86.ActiveCfg = Release|Any CPU
		{31447536-52B4-49A4-94DA-D46FEFCC57CA}.Release|x86.Build.0 = Release|Any CPU
		{D89C5543-F54F-4A08-8909-153C32C4C326}.Debug|Any CPU.ActiveCfg = Debug|Any CPU
		{D89C5543-F54F-4A08-8909-153C32C4C326}.Debug|Any CPU.Build.0 = Debug|Any CPU
		{D89C5543-F54F-4A08-8909-153C32C4C326}.Debug|x86.ActiveCfg = Debug|Any CPU
		{D89C5543-F54F-4A08-8909-153C32C4C326}.Debug|x86.Build.0 = Debug|Any CPU
		{D89C5543-F54F-4A08-8909-153C32C4C326}.Release|Any CPU.ActiveCfg = Release|Any CPU
		{D89C5543-F54F-4A08-8909-153C32C4C326}.Release|Any CPU.Build.0 = Release|Any CPU
		{D89C5543-F54F-4A08-8909-153C32C4C326}.Release|x86.ActiveCfg = Release|Any CPU
		{D89C5543-F54F-4A08-8909-153C32C4C326}.Release|x86.Build.0 = Release|Any CPU
	EndGlobalSection
	GlobalSection(SolutionProperties) = preSolution
		HideSolutionNode = FALSE
	EndGlobalSection
	GlobalSection(ExtensibilityGlobals) = postSolution
		SolutionGuid = {3FBFDFD6-F450-4818-9F82-AACAB7324931}
	EndGlobalSection
EndGlobal
